
Microsoft Visual Studio Solution File, Format Version 12.00
# Visual Studio Version 17
VisualStudioVersion = 17.2.32616.157
MinimumVisualStudioVersion = 10.0.40219.1
Project("{FAE04EC0-301F-11D3-BF4B-00C04F79EFBC}") = "VoiceAssistant", "VoiceAssistant\VoiceAssistant.csproj", "{3F42736B-D075-49F4-9DB0-DCF63AFC80FE}"
EndProject
Global
	GlobalSection(SolutionConfigurationPlatforms) = preSolution
		Debug|Any CPU = Debug|Any CPU
		Release|Any CPU = Release|Any CPU
	EndGlobalSection
	GlobalSection(ProjectConfigurationPlatforms) = postSolution
		{3F42736B-D075-49F4-9DB0-DCF63AFC80FE}.Debug|Any CPU.ActiveCfg = Debug|Any CPU
		{3F42736B-D075-49F4-9DB0-DCF63AFC80FE}.Debug|Any CPU.Build.0 = Debug|Any CPU
		{3F42736B-D075-49F4-9DB0-DCF63AFC80FE}.Release|Any CPU.ActiveCfg = Release|Any CPU
		{3F42736B-D075-49F4-9DB0-DCF63AFC80FE}.Release|Any CPU.Build.0 = Release|Any CPU
	EndGlobalSection
	GlobalSection(SolutionProperties) = preSolution
		HideSolutionNode = FALSE
	EndGlobalSection
	GlobalSection(ExtensibilityGlobals) = postSolution
		SolutionGuid = {607C1171-D929-44B6-BD46-FF7C0BB10EE3}
	EndGlobalSection
EndGlobal
